{
  "name": "package.json",
  "version": "0.0.0",
  "lockfileVersion": 2,
  "requires": true,
  "packages": {
    "": {
      "name": "package.json",
      "version": "0.0.0",
      "dependencies": {
        "@zoomus/websdk": "^2.2.0",
        "jquery": "^3.6.0",
        "lodash": "^4.17.21",
        "vue": "^3.2.25",
        "vue-router": "^4.0.12",
        "zoomus-jssdk": "^1.7.1"
      },
      "devDependencies": {
        "@vitejs/plugin-vue": "^2.2.0",
        "vite": "^2.8.0"
      }
    },
    "node_modules/@babel/parser": {
      "version": "7.17.3",
      "license": "MIT",
      "bin": {
        "parser": "bin/babel-parser.js"
      },
      "engines": {
        "node": ">=6.0.0"
      }
    },
    "node_modules/@babel/runtime": {
      "version": "7.17.2",
      "license": "MIT",
      "dependencies": {
        "regenerator-runtime": "^0.13.4"
      },
      "engines": {
        "node": ">=6.9.0"
      }
    },
    "node_modules/@vitejs/plugin-vue": {
      "version": "2.2.2",
      "dev": true,
      "license": "MIT",
      "engines": {
        "node": ">=12.0.0"
      },
      "peerDependencies": {
        "vite": "^2.5.10",
        "vue": "^3.2.25"
      }
    },
    "node_modules/@vue/compiler-core": {
      "version": "3.2.31",
      "license": "MIT",
      "dependencies": {
        "@babel/parser": "^7.16.4",
        "@vue/shared": "3.2.31",
        "estree-walker": "^2.0.2",
        "source-map": "^0.6.1"
      }
    },
    "node_modules/@vue/compiler-dom": {
      "version": "3.2.31",
      "license": "MIT",
      "dependencies": {
        "@vue/compiler-core": "3.2.31",
        "@vue/shared": "3.2.31"
      }
    },
    "node_modules/@vue/compiler-sfc": {
      "version": "3.2.31",
      "license": "MIT",
      "dependencies": {
        "@babel/parser": "^7.16.4",
        "@vue/compiler-core": "3.2.31",
        "@vue/compiler-dom": "3.2.31",
        "@vue/compiler-ssr": "3.2.31",
        "@vue/reactivity-transform": "3.2.31",
        "@vue/shared": "3.2.31",
        "estree-walker": "^2.0.2",
        "magic-string": "^0.25.7",
        "postcss": "^8.1.10",
        "source-map": "^0.6.1"
      }
    },
    "node_modules/@vue/compiler-ssr": {
      "version": "3.2.31",
      "license": "MIT",
      "dependencies": {
        "@vue/compiler-dom": "3.2.31",
        "@vue/shared": "3.2.31"
      }
    },
    "node_modules/@vue/devtools-api": {
      "version": "6.0.12",
      "license": "MIT"
    },
    "node_modules/@vue/reactivity": {
      "version": "3.2.31",
      "license": "MIT",
      "dependencies": {
        "@vue/shared": "3.2.31"
      }
    },
    "node_modules/@vue/reactivity-transform": {
      "version": "3.2.31",
      "license": "MIT",
      "dependencies": {
        "@babel/parser": "^7.16.4",
        "@vue/compiler-core": "3.2.31",
        "@vue/shared": "3.2.31",
        "estree-walker": "^2.0.2",
        "magic-string": "^0.25.7"
      }
    },
    "node_modules/@vue/runtime-core": {
      "version": "3.2.31",
      "license": "MIT",
      "dependencies": {
        "@vue/reactivity": "3.2.31",
        "@vue/shared": "3.2.31"
      }
    },
    "node_modules/@vue/runtime-dom": {
      "version": "3.2.31",
      "license": "MIT",
      "dependencies": {
        "@vue/runtime-core": "3.2.31",
        "@vue/shared": "3.2.31",
        "csstype": "^2.6.8"
      }
    },
    "node_modules/@vue/server-renderer": {
      "version": "3.2.31",
      "license": "MIT",
      "dependencies": {
        "@vue/compiler-ssr": "3.2.31",
        "@vue/shared": "3.2.31"
      },
      "peerDependencies": {
        "vue": "3.2.31"
      }
    },
    "node_modules/@vue/shared": {
      "version": "3.2.31",
      "license": "MIT"
    },
    "node_modules/@zoomus/websdk": {
      "version": "2.2.0",
      "resolved": "https://registry.npmjs.org/@zoomus/websdk/-/websdk-2.2.0.tgz",
      "integrity": "sha512-KNNzv/A4ogjXpDpo1J75K7WzEu5XDfaoFhKERmvmN8CeUli4YWHeLXE2jTFJOL3Lu6gemJP7o4DOnD75uai5JQ==",
      "dependencies": {
        "lodash": "^4.17.21",
        "react": "16.8.6",
        "react-dom": "16.8.6",
        "react-redux": "7.1.0",
        "redux": "3.7.2",
        "redux-thunk": "2.2.0"
      },
      "peerDependencies": {
        "lodash": "^4.17.21",
        "react": "16.8.6",
        "react-dom": "16.8.6",
        "react-redux": "7.1.0",
        "redux": "3.7.2",
        "redux-thunk": "2.2.0"
      }
    },
    "node_modules/csstype": {
      "version": "2.6.19",
      "license": "MIT"
    },
    "node_modules/esbuild": {
      "version": "0.14.23",
      "dev": true,
      "hasInstallScript": true,
      "license": "MIT",
      "bin": {
        "esbuild": "bin/esbuild"
      },
      "engines": {
        "node": ">=12"
      },
      "optionalDependencies": {
        "esbuild-android-arm64": "0.14.23",
        "esbuild-darwin-64": "0.14.23",
        "esbuild-darwin-arm64": "0.14.23",
        "esbuild-freebsd-64": "0.14.23",
        "esbuild-freebsd-arm64": "0.14.23",
        "esbuild-linux-32": "0.14.23",
        "esbuild-linux-64": "0.14.23",
        "esbuild-linux-arm": "0.14.23",
        "esbuild-linux-arm64": "0.14.23",
        "esbuild-linux-mips64le": "0.14.23",
        "esbuild-linux-ppc64le": "0.14.23",
        "esbuild-linux-riscv64": "0.14.23",
        "esbuild-linux-s390x": "0.14.23",
        "esbuild-netbsd-64": "0.14.23",
        "esbuild-openbsd-64": "0.14.23",
        "esbuild-sunos-64": "0.14.23",
        "esbuild-windows-32": "0.14.23",
        "esbuild-windows-64": "0.14.23",
        "esbuild-windows-arm64": "0.14.23"
      }
    },
    "node_modules/esbuild-windows-64": {
      "version": "0.14.23",
      "cpu": [
        "x64"
      ],
      "dev": true,
      "license": "MIT",
      "optional": true,
      "os": [
        "win32"
      ],
      "engines": {
        "node": ">=12"
      }
    },
    "node_modules/estree-walker": {
      "version": "2.0.2",
      "license": "MIT"
    },
    "node_modules/function-bind": {
      "version": "1.1.1",
      "dev": true,
      "license": "MIT"
    },
    "node_modules/has": {
      "version": "1.0.3",
      "dev": true,
      "license": "MIT",
      "dependencies": {
        "function-bind": "^1.1.1"
      },
      "engines": {
        "node": ">= 0.4.0"
      }
    },
    "node_modules/hoist-non-react-statics": {
      "version": "3.3.2",
      "license": "BSD-3-Clause",
      "dependencies": {
        "react-is": "^16.7.0"
      }
    },
    "node_modules/invariant": {
      "version": "2.2.4",
      "license": "MIT",
      "dependencies": {
        "loose-envify": "^1.0.0"
      }
    },
    "node_modules/is-core-module": {
      "version": "2.8.1",
      "dev": true,
      "license": "MIT",
      "dependencies": {
        "has": "^1.0.3"
      },
      "funding": {
        "url": "https://github.com/sponsors/ljharb"
      }
    },
    "node_modules/jquery": {
      "version": "3.6.0",
      "license": "MIT"
    },
    "node_modules/js-tokens": {
      "version": "4.0.0",
      "license": "MIT"
    },
    "node_modules/lodash": {
      "version": "4.17.21",
      "license": "MIT"
    },
    "node_modules/lodash-es": {
      "version": "4.17.21",
      "license": "MIT"
    },
    "node_modules/loose-envify": {
      "version": "1.4.0",
      "license": "MIT",
      "dependencies": {
        "js-tokens": "^3.0.0 || ^4.0.0"
      },
      "bin": {
        "loose-envify": "cli.js"
      }
    },
    "node_modules/magic-string": {
      "version": "0.25.7",
      "license": "MIT",
      "dependencies": {
        "sourcemap-codec": "^1.4.4"
      }
    },
    "node_modules/nanoid": {
      "version": "3.3.1",
      "license": "MIT",
      "bin": {
        "nanoid": "bin/nanoid.cjs"
      },
      "engines": {
        "node": "^10 || ^12 || ^13.7 || ^14 || >=15.0.1"
      }
    },
    "node_modules/object-assign": {
      "version": "4.1.1",
      "license": "MIT",
      "engines": {
        "node": ">=0.10.0"
      }
    },
    "node_modules/path-parse": {
      "version": "1.0.7",
      "dev": true,
      "license": "MIT"
    },
    "node_modules/picocolors": {
      "version": "1.0.0",
      "license": "ISC"
    },
    "node_modules/postcss": {
      "version": "8.4.7",
      "license": "MIT",
      "dependencies": {
        "nanoid": "^3.3.1",
        "picocolors": "^1.0.0",
        "source-map-js": "^1.0.2"
      },
      "engines": {
        "node": "^10 || ^12 || >=14"
      },
      "funding": {
        "type": "opencollective",
        "url": "https://opencollective.com/postcss/"
      }
    },
    "node_modules/prop-types": {
      "version": "15.8.1",
      "license": "MIT",
      "dependencies": {
        "loose-envify": "^1.4.0",
        "object-assign": "^4.1.1",
        "react-is": "^16.13.1"
      }
    },
    "node_modules/react": {
      "version": "16.8.6",
      "license": "MIT",
      "dependencies": {
        "loose-envify": "^1.1.0",
        "object-assign": "^4.1.1",
        "prop-types": "^15.6.2",
        "scheduler": "^0.13.6"
      },
      "engines": {
        "node": ">=0.10.0"
      }
    },
    "node_modules/react-dom": {
      "version": "16.8.6",
      "license": "MIT",
      "dependencies": {
        "loose-envify": "^1.1.0",
        "object-assign": "^4.1.1",
        "prop-types": "^15.6.2",
        "scheduler": "^0.13.6"
      },
      "peerDependencies": {
        "react": "^16.0.0"
      }
    },
    "node_modules/react-is": {
      "version": "16.13.1",
      "license": "MIT"
    },
    "node_modules/react-redux": {
      "version": "7.1.0",
      "license": "MIT",
      "dependencies": {
        "@babel/runtime": "^7.4.5",
        "hoist-non-react-statics": "^3.3.0",
        "invariant": "^2.2.4",
        "loose-envify": "^1.4.0",
        "prop-types": "^15.7.2",
        "react-is": "^16.8.6"
      },
      "peerDependencies": {
        "react": "^16.8.3",
        "redux": "^2.0.0 || ^3.0.0 || ^4.0.0-0"
      }
    },
    "node_modules/redux": {
      "version": "3.7.2",
      "license": "MIT",
      "dependencies": {
        "lodash": "^4.2.1",
        "lodash-es": "^4.2.1",
        "loose-envify": "^1.1.0",
        "symbol-observable": "^1.0.3"
      }
    },
    "node_modules/redux-thunk": {
      "version": "2.2.0",
      "license": "MIT"
    },
    "node_modules/regenerator-runtime": {
      "version": "0.13.9",
      "license": "MIT"
    },
    "node_modules/resolve": {
      "version": "1.22.0",
      "dev": true,
      "license": "MIT",
      "dependencies": {
        "is-core-module": "^2.8.1",
        "path-parse": "^1.0.7",
        "supports-preserve-symlinks-flag": "^1.0.0"
      },
      "bin": {
        "resolve": "bin/resolve"
      },
      "funding": {
        "url": "https://github.com/sponsors/ljharb"
      }
    },
    "node_modules/rollup": {
      "version": "2.68.0",
      "dev": true,
      "license": "MIT",
      "bin": {
        "rollup": "dist/bin/rollup"
      },
      "engines": {
        "node": ">=10.0.0"
      },
      "optionalDependencies": {
        "fsevents": "~2.3.2"
      }
    },
    "node_modules/scheduler": {
      "version": "0.13.6",
      "license": "MIT",
      "dependencies": {
        "loose-envify": "^1.1.0",
        "object-assign": "^4.1.1"
      }
    },
    "node_modules/source-map": {
      "version": "0.6.1",
      "license": "BSD-3-Clause",
      "engines": {
        "node": ">=0.10.0"
      }
    },
    "node_modules/source-map-js": {
      "version": "1.0.2",
      "license": "BSD-3-Clause",
      "engines": {
        "node": ">=0.10.0"
      }
    },
    "node_modules/sourcemap-codec": {
      "version": "1.4.8",
      "license": "MIT"
    },
    "node_modules/supports-preserve-symlinks-flag": {
      "version": "1.0.0",
      "dev": true,
      "license": "MIT",
      "engines": {
        "node": ">= 0.4"
      },
      "funding": {
        "url": "https://github.com/sponsors/ljharb"
      }
    },
    "node_modules/symbol-observable": {
      "version": "1.2.0",
      "license": "MIT",
      "engines": {
        "node": ">=0.10.0"
      }
    },
    "node_modules/vite": {
      "version": "2.8.4",
      "dev": true,
      "license": "MIT",
      "dependencies": {
        "esbuild": "^0.14.14",
        "postcss": "^8.4.6",
        "resolve": "^1.22.0",
        "rollup": "^2.59.0"
      },
      "bin": {
        "vite": "bin/vite.js"
      },
      "engines": {
        "node": ">=12.2.0"
      },
      "optionalDependencies": {
        "fsevents": "~2.3.2"
      },
      "peerDependencies": {
        "less": "*",
        "sass": "*",
        "stylus": "*"
      },
      "peerDependenciesMeta": {
        "less": {
          "optional": true
        },
        "sass": {
          "optional": true
        },
        "stylus": {
          "optional": true
        }
      }
    },
    "node_modules/vue": {
      "version": "3.2.31",
      "license": "MIT",
      "dependencies": {
        "@vue/compiler-dom": "3.2.31",
        "@vue/compiler-sfc": "3.2.31",
        "@vue/runtime-dom": "3.2.31",
        "@vue/server-renderer": "3.2.31",
        "@vue/shared": "3.2.31"
      }
    },
    "node_modules/vue-router": {
      "version": "4.0.12",
      "license": "MIT",
      "dependencies": {
        "@vue/devtools-api": "^6.0.0-beta.18"
      },
      "peerDependencies": {
        "vue": "^3.0.0"
      }
    },
    "node_modules/zoomus-jssdk": {
      "version": "1.7.1",
      "license": "MIT",
      "dependencies": {
        "jquery": "^3.4.1",
        "lodash": "^4.17.14",
        "react": "16.8.6",
        "react-dom": "16.8.6",
        "react-redux": "7.1.0",
        "redux": "3.7.2",
        "redux-thunk": "2.2.0"
      },
      "peerDependencies": {
        "jquery": "^3.4.1",
        "lodash": "^4.17.14",
        "react": "16.8.6",
        "react-dom": "16.8.6",
        "react-redux": "7.1.0",
        "redux": "3.7.2",
        "redux-thunk": "2.2.0"
      }
    }
  },
  "dependencies": {
    "@babel/parser": {
      "version": "7.17.3"
    },
    "@babel/runtime": {
      "version": "7.17.2",
      "requires": {
        "regenerator-runtime": "^0.13.4"
      }
    },
    "@vitejs/plugin-vue": {
      "version": "2.2.2",
      "dev": true,
      "requires": {}
    },
    "@vue/compiler-core": {
      "version": "3.2.31",
      "requires": {
        "@babel/parser": "^7.16.4",
        "@vue/shared": "3.2.31",
        "estree-walker": "^2.0.2",
        "source-map": "^0.6.1"
      }
    },
    "@vue/compiler-dom": {
      "version": "3.2.31",
      "requires": {
        "@vue/compiler-core": "3.2.31",
        "@vue/shared": "3.2.31"
      }
    },
    "@vue/compiler-sfc": {
      "version": "3.2.31",
      "requires": {
        "@babel/parser": "^7.16.4",
        "@vue/compiler-core": "3.2.31",
        "@vue/compiler-dom": "3.2.31",
        "@vue/compiler-ssr": "3.2.31",
        "@vue/reactivity-transform": "3.2.31",
        "@vue/shared": "3.2.31",
        "estree-walker": "^2.0.2",
        "magic-string": "^0.25.7",
        "postcss": "^8.1.10",
        "source-map": "^0.6.1"
      }
    },
    "@vue/compiler-ssr": {
      "version": "3.2.31",
      "requires": {
        "@vue/compiler-dom": "3.2.31",
        "@vue/shared": "3.2.31"
      }
    },
    "@vue/devtools-api": {
      "version": "6.0.12"
    },
    "@vue/reactivity": {
      "version": "3.2.31",
      "requires": {
        "@vue/shared": "3.2.31"
      }
    },
    "@vue/reactivity-transform": {
      "version": "3.2.31",
      "requires": {
        "@babel/parser": "^7.16.4",
        "@vue/compiler-core": "3.2.31",
        "@vue/shared": "3.2.31",
        "estree-walker": "^2.0.2",
        "magic-string": "^0.25.7"
      }
    },
    "@vue/runtime-core": {
      "version": "3.2.31",
      "requires": {
        "@vue/reactivity": "3.2.31",
        "@vue/shared": "3.2.31"
      }
    },
    "@vue/runtime-dom": {
      "version": "3.2.31",
      "requires": {
        "@vue/runtime-core": "3.2.31",
        "@vue/shared": "3.2.31",
        "csstype": "^2.6.8"
      }
    },
    "@vue/server-renderer": {
      "version": "3.2.31",
      "requires": {
        "@vue/compiler-ssr": "3.2.31",
        "@vue/shared": "3.2.31"
      }
    },
    "@vue/shared": {
      "version": "3.2.31"
    },
    "@zoomus/websdk": {
      "version": "2.2.0",
      "resolved": "https://registry.npmjs.org/@zoomus/websdk/-/websdk-2.2.0.tgz",
      "integrity": "sha512-KNNzv/A4ogjXpDpo1J75K7WzEu5XDfaoFhKERmvmN8CeUli4YWHeLXE2jTFJOL3Lu6gemJP7o4DOnD75uai5JQ==",
      "requires": {
        "lodash": "^4.17.21",
        "react": "16.8.6",
        "react-dom": "16.8.6",
        "react-redux": "7.1.0",
        "redux": "3.7.2",
        "redux-thunk": "2.2.0"
      }
    },
    "csstype": {
      "version": "2.6.19"
    },
    "esbuild": {
      "version": "0.14.23",
      "dev": true,
      "requires": {
        "esbuild-android-arm64": "0.14.23",
        "esbuild-darwin-64": "0.14.23",
        "esbuild-darwin-arm64": "0.14.23",
        "esbuild-freebsd-64": "0.14.23",
        "esbuild-freebsd-arm64": "0.14.23",
        "esbuild-linux-32": "0.14.23",
        "esbuild-linux-64": "0.14.23",
        "esbuild-linux-arm": "0.14.23",
        "esbuild-linux-arm64": "0.14.23",
        "esbuild-linux-mips64le": "0.14.23",
        "esbuild-linux-ppc64le": "0.14.23",
        "esbuild-linux-riscv64": "0.14.23",
        "esbuild-linux-s390x": "0.14.23",
        "esbuild-netbsd-64": "0.14.23",
        "esbuild-openbsd-64": "0.14.23",
        "esbuild-sunos-64": "0.14.23",
        "esbuild-windows-32": "0.14.23",
        "esbuild-windows-64": "0.14.23",
        "esbuild-windows-arm64": "0.14.23"
      }
    },
    "esbuild-windows-64": {
      "version": "0.14.23",
      "dev": true,
      "optional": true
    },
    "estree-walker": {
      "version": "2.0.2"
    },
    "function-bind": {
      "version": "1.1.1",
      "dev": true
    },
    "has": {
      "version": "1.0.3",
      "dev": true,
      "requires": {
        "function-bind": "^1.1.1"
      }
    },
    "hoist-non-react-statics": {
      "version": "3.3.2",
      "requires": {
        "react-is": "^16.7.0"
      }
    },
    "invariant": {
      "version": "2.2.4",
      "requires": {
        "loose-envify": "^1.0.0"
      }
    },
    "is-core-module": {
      "version": "2.8.1",
      "dev": true,
      "requires": {
        "has": "^1.0.3"
      }
    },
    "jquery": {
      "version": "3.6.0"
    },
    "js-tokens": {
      "version": "4.0.0"
    },
    "lodash": {
      "version": "4.17.21"
    },
    "lodash-es": {
      "version": "4.17.21"
    },
    "loose-envify": {
      "version": "1.4.0",
      "requires": {
        "js-tokens": "^3.0.0 || ^4.0.0"
      }
    },
    "magic-string": {
      "version": "0.25.7",
      "requires": {
        "sourcemap-codec": "^1.4.4"
      }
    },
    "nanoid": {
      "version": "3.3.1"
    },
    "object-assign": {
      "version": "4.1.1"
    },
    "path-parse": {
      "version": "1.0.7",
      "dev": true
    },
    "picocolors": {
      "version": "1.0.0"
    },
    "postcss": {
      "version": "8.4.7",
      "requires": {
        "nanoid": "^3.3.1",
        "picocolors": "^1.0.0",
        "source-map-js": "^1.0.2"
      }
    },
    "prop-types": {
      "version": "15.8.1",
      "requires": {
        "loose-envify": "^1.4.0",
        "object-assign": "^4.1.1",
        "react-is": "^16.13.1"
      }
    },
    "react": {
      "version": "16.8.6",
      "requires": {
        "loose-envify": "^1.1.0",
        "object-assign": "^4.1.1",
        "prop-types": "^15.6.2",
        "scheduler": "^0.13.6"
      }
    },
    "react-dom": {
      "version": "16.8.6",
      "requires": {
        "loose-envify": "^1.1.0",
        "object-assign": "^4.1.1",
        "prop-types": "^15.6.2",
        "scheduler": "^0.13.6"
      }
    },
    "react-is": {
      "version": "16.13.1"
    },
    "react-redux": {
      "version": "7.1.0",
      "requires": {
        "@babel/runtime": "^7.4.5",
        "hoist-non-react-statics": "^3.3.0",
        "invariant": "^2.2.4",
        "loose-envify": "^1.4.0",
        "prop-types": "^15.7.2",
        "react-is": "^16.8.6"
      }
    },
    "redux": {
      "version": "3.7.2",
      "requires": {
        "lodash": "^4.2.1",
        "lodash-es": "^4.2.1",
        "loose-envify": "^1.1.0",
        "symbol-observable": "^1.0.3"
      }
    },
    "redux-thunk": {
      "version": "2.2.0"
    },
    "regenerator-runtime": {
      "version": "0.13.9"
    },
    "resolve": {
      "version": "1.22.0",
      "dev": true,
      "requires": {
        "is-core-module": "^2.8.1",
        "path-parse": "^1.0.7",
        "supports-preserve-symlinks-flag": "^1.0.0"
      }
    },
    "rollup": {
      "version": "2.68.0",
      "dev": true,
      "requires": {
        "fsevents": "~2.3.2"
      }
    },
    "scheduler": {
      "version": "0.13.6",
      "requires": {
        "loose-envify": "^1.1.0",
        "object-assign": "^4.1.1"
      }
    },
    "source-map": {
      "version": "0.6.1"
    },
    "source-map-js": {
      "version": "1.0.2"
    },
    "sourcemap-codec": {
      "version": "1.4.8"
    },
    "supports-preserve-symlinks-flag": {
      "version": "1.0.0",
      "dev": true
    },
    "symbol-observable": {
      "version": "1.2.0"
    },
    "vite": {
      "version": "2.8.4",
      "dev": true,
      "requires": {
        "esbuild": "^0.14.14",
        "fsevents": "~2.3.2",
        "postcss": "^8.4.6",
        "resolve": "^1.22.0",
        "rollup": "^2.59.0"
      }
    },
    "vue": {
      "version": "3.2.31",
      "requires": {
        "@vue/compiler-dom": "3.2.31",
        "@vue/compiler-sfc": "3.2.31",
        "@vue/runtime-dom": "3.2.31",
        "@vue/server-renderer": "3.2.31",
        "@vue/shared": "3.2.31"
      }
    },
    "vue-router": {
      "version": "4.0.12",
      "requires": {
        "@vue/devtools-api": "^6.0.0-beta.18"
      }
    },
    "zoomus-jssdk": {
      "version": "1.7.1",
      "requires": {
        "jquery": "^3.4.1",
        "lodash": "^4.17.14",
        "react": "16.8.6",
        "react-dom": "16.8.6",
        "react-redux": "7.1.0",
        "redux": "3.7.2",
        "redux-thunk": "2.2.0"
      }
    }
  }
}
